
Microsoft Visual Studio Solution File, Format Version 12.00
Project("{FAE04EC0-301F-11D3-BF4B-00C04F79EFBC}") = "AnimalPark", "AnimalPark\AnimalPark.csproj", "{C413ABA0-A41E-43F7-887F-0129D1568DA9}"
EndProject
Global
	GlobalSection(SolutionConfigurationPlatforms) = preSolution
		Debug|Any CPU = Debug|Any CPU
		Release|Any CPU = Release|Any CPU
	EndGlobalSection
	GlobalSection(ProjectConfigurationPlatforms) = postSolution
		{C413ABA0-A41E-43F7-887F-0129D1568DA9}.Debug|Any CPU.ActiveCfg = Debug|Any CPU
		{C413ABA0-A41E-43F7-887F-0129D1568DA9}.Debug|Any CPU.Build.0 = Debug|Any CPU
		{C413ABA0-A41E-43F7-887F-0129D1568DA9}.Release|Any CPU.ActiveCfg = Release|Any CPU
		{C413ABA0-A41E-43F7-887F-0129D1568DA9}.Release|Any CPU.Build.0 = Release|Any CPU
	EndGlobalSection
EndGlobal
